{
  "version": 2,
  "dependencies": {
    "net11.0": {
      "Microsoft.AspNetCore.Mvc.Testing": {
        "type": "Direct",
        "requested": "[11.0.0-rc.1.26425.128, )",
        "resolved": "11.0.0-rc.1.26425.128",
        "contentHash": "88014osPEiO78uabji+T92vRCZ2qgn7bkcNQY0zh6CoecBA9fUJDlLc+OWy5uqG9d35r3NqHbNOn5rdqKOTIfw==",
        "dependencies": {
          "Microsoft.AspNetCore.TestHost": "11.0.0-rc.1.26425.128",
          "Microsoft.Extensions.DependencyModel": "11.0.0-rc.1.26425.128",
          "Microsoft.Extensions.Hosting": "11.0.0-rc.1.26425.128"
        }
      },
      "Microsoft.NET.Test.Sdk": {
        "type": "Direct",
        "requested": "[18.10.0, )",
        "resolved": "18.10.0",
        "contentHash": "0CZZ688UBvpQFB9HKo7wrNJNVe+AOM4UtipgwpER3TTM+d2DDM6QyKkIJZTR3mpbn9/zFbZEtAgVIz4SPTjQZQ==",
        "dependencies": {
          "Microsoft.CodeCoverage": "18.10.0",
          "Microsoft.TestPlatform.TestHost": "18.10.0"
        }
      },
      "xunit.runner.visualstudio": {
        "type": "Direct",
        "requested": "[4.0.0, )",
        "resolved": "4.0.0",
        "contentHash": "kzLFyBYUnoidpGOXvpNOfIo8C92gVgVR6X8ncHwhcrDYugiOut5rrhDkr0L3cWHd7J2pKXf6LgaeXoBBDlx1ag=="
      },
      "xunit.v3.mtp-off": {
        "type": "Direct",
        "requested": "[4.0.1, )",
        "resolved": "4.0.1",
        "contentHash": "miSoh5QghDDdVN95dJEl+XrfCjdYy70IWumadlxHMhHie1ym+qG8UPIHRZOepBu2MbGs6nRB0pr4cd1fw/Gfvw==",
        "dependencies": {
          "xunit.analyzers": "2.1.0",
          "xunit.v3.assert": "[4.0.1]",
          "xunit.v3.core.mtp-off": "[4.0.1]"
        }
      },
      "Humanizer.Core": {
        "type": "Transitive",
        "resolved": "2.14.1",
        "contentHash": "lQKvtaTDOXnoVJ20ibTuSIOf2i0uO0MPbDhd1jm238I+U/2ZnRENj0cktKZhtchBMtCUSRQ5v4xBCUbKNmyVMw=="
      },
      "Json.More.Net": {
        "type": "Transitive",
        "resolved": "2.1.1",
        "contentHash": "ZXAKl2VsdnIZeUo1PFII3Oi1m1L4YQjEyDjygHfHln5vgsjgIo749X6xWkv7qFYp8RROES+vOEfDcvvoVgs8kA=="
      },
      "JsonPointer.Net": {
        "type": "Transitive",
        "resolved": "5.3.1",
        "contentHash": "3e2OJjU0OaE26XC/klgxbJuXvteFWTDJIJv0ITYWcJEoskq7jzUwPSC1s0iz4wPPQnfN7vwwFmg2gJfwRAPwgw==",
        "dependencies": {
          "Humanizer.Core": "2.14.1",
          "Json.More.Net": "2.1.1"
        }
      },
      "Microsoft.AspNetCore.TestHost": {
        "type": "Transitive",
        "resolved": "11.0.0-rc.1.26425.128",
        "contentHash": "0LFVE8Zgb6YmPmaK638ifebDsFmfJl1I0tsHyjJJAl4NF0ctyRsyo0LXwdrKWATZTZxFFPPRJEnov6cgrBONVQ=="
      },
      "Microsoft.Bcl.AsyncInterfaces": {
        "type": "Transitive",
        "resolved": "6.0.0",
        "contentHash": "UcSjPsst+DfAdJGVDsu346FX0ci0ah+lw3WRtn18NUwEqRt70HaOQ7lI72vy3+1LxtqI3T5GWwV39rQSrCzAeg=="
      },
      "Microsoft.CodeCoverage": {
        "type": "Transitive",
        "resolved": "18.10.0",
        "contentHash": "zo1hqV+Nz6FlIwdc+aPfrvGzqfKAPPaZ6OPj1W8C0QQE2xH951AZwTUytL3K7XX8brVBUFd7MhrLDl3CtK3U/A=="
      },
      "Microsoft.Extensions.Configuration": {
        "type": "Transitive",
        "resolved": "11.0.0-rc.1.26425.128",
        "contentHash": "67EIKOU5pzuMcTHoezn/hmv1hyMcxpiSIlVL9oT6Uc3bcErYhkTBuZCuVqHuNjJBm0nqmpJb1v644M/NV7Q0Vw=="
      },
      "Microsoft.Extensions.Configuration.Binder": {
        "type": "Transitive",
        "resolved": "11.0.0-rc.1.26425.128",
        "contentHash": "1AI7GybRhwcPmOgi275FOlxDP3PL/pspE1R4itBxLgQ771sRy0LhYi4usSYNvixnocxcPp0aZqJ27CyYdM9Aaw==",
        "dependencies": {
          "Microsoft.Extensions.Configuration": "11.0.0-rc.1.26425.128"
        }
      },
      "Microsoft.Extensions.Configuration.CommandLine": {
        "type": "Transitive",
        "resolved": "11.0.0-rc.1.26425.128",
        "contentHash": "SQwt9GOYl4Sx/vPs/KLDXU5+lXBdDE+jHEJN39fYdfW9NhKuRlDykv3vdcuunkLVHsogsaD3U8S2EMsfVhly2A==",
        "dependencies": {
          "Microsoft.Extensions.Configuration": "11.0.0-rc.1.26425.128"
        }
      },
      "Microsoft.Extensions.Configuration.EnvironmentVariables": {
        "type": "Transitive",
        "resolved": "11.0.0-rc.1.26425.128",
        "contentHash": "pjr9im93UDwrnq4MYr2yKJJxcjk5KJLRdeuvC0S0/K5dttUBUn8YfLX64NRaIruF+wTOcuJ86WS2WvmwzAswcA==",
        "dependencies": {
          "Microsoft.Extensions.Configuration": "11.0.0-rc.1.26425.128"
        }
      },
      "Microsoft.Extensions.Configuration.FileExtensions": {
        "type": "Transitive",
        "resolved": "11.0.0-rc.1.26425.128",
        "contentHash": "TL/JWfhVSpWQ20MU0qyc8b+msicxWQ1mCgksMEozZm6+lB3XvojKPsXF25QIHzTA5qwL+m6gEOcl6c6UG1NW0Q==",
        "dependencies": {
          "Microsoft.Extensions.Configuration": "11.0.0-rc.1.26425.128",
          "Microsoft.Extensions.FileProviders.Physical": "11.0.0-rc.1.26425.128"
        }
      },
      "Microsoft.Extensions.Configuration.Json": {
        "type": "Transitive",
        "resolved": "11.0.0-rc.1.26425.128",
        "contentHash": "miSqJU+LJExUlMWIaz6aoJ7T44yctRxk7+/GCgEWyUEzwXr2nY7ouh6tJeu+gnhPPqQgMyF/+KWO973+oHe2/g==",
        "dependencies": {
          "Microsoft.Extensions.Configuration": "11.0.0-rc.1.26425.128",
          "Microsoft.Extensions.Configuration.FileExtensions": "11.0.0-rc.1.26425.128"
        }
      },
      "Microsoft.Extensions.Configuration.UserSecrets": {
        "type": "Transitive",
        "resolved": "11.0.0-rc.1.26425.128",
        "contentHash": "e92JNCVh3CbfdEO9NT/PHT7N0wKn6BBwUVgM+AY4bqxbpiY9a1USHxh5F5ViLsbZt//jX1LJOB8tA9GA0IBiZQ==",
        "dependencies": {
          "Microsoft.Extensions.Configuration.Json": "11.0.0-rc.1.26425.128",
          "Microsoft.Extensions.FileProviders.Physical": "11.0.0-rc.1.26425.128"
        }
      },
      "Microsoft.Extensions.DependencyInjection": {
        "type": "Transitive",
        "resolved": "11.0.0-rc.1.26425.128",
        "contentHash": "r9VvtUpwM0MZ21DaTQWDqmsm6ABmuuXA/4aqa9LJVZET0HGlIG0Z5eN2esarFAQW2xtgGFyIYcnWs5uxUUizgg=="
      },
      "Microsoft.Extensions.DependencyModel": {
        "type": "Transitive",
        "resolved": "11.0.0-rc.1.26425.128",
        "contentHash": "Vp6l7w5Q4M8z3DCzHuu/KFtwjt7zI5fMm1/QdXk72c/nnSSp7ws7pR3Ls8b5qGaGeUjU0MigDFebn0FUDEk8nQ=="
      },
      "Microsoft.Extensions.Diagnostics": {
        "type": "Transitive",
        "resolved": "11.0.0-rc.1.26425.128",
        "contentHash": "4O8+S1awKr1nwX0KboSyMszc1TGlxI1rSZsuFfvoByNnvlOj2C0Zg0/DUTFaBTpKAMCGvBZomDbY3uOtUvhvTw==",
        "dependencies": {
          "Microsoft.Extensions.Configuration": "11.0.0-rc.1.26425.128",
          "Microsoft.Extensions.Options.ConfigurationExtensions": "11.0.0-rc.1.26425.128"
        }
      },
      "Microsoft.Extensions.FileProviders.Physical": {
        "type": "Transitive",
        "resolved": "11.0.0-rc.1.26425.128",
        "contentHash": "Pd0sz0cuM5sS4bMiD31G6Uv+PStLZOYEahGLq9pFMg7s4Spg/oPQQTV5nr4BqweXOsQtHF8hEhlnZqPZOBAvtw==",
        "dependencies": {
          "Microsoft.Extensions.FileSystemGlobbing": "11.0.0-rc.1.26425.128"
        }
      },
      "Microsoft.Extensions.FileSystemGlobbing": {
        "type": "Transitive",
        "resolved": "11.0.0-rc.1.26425.128",
        "contentHash": "uW8Q1sSMS2vnS8mhPdVTkbz5b0S5OEFMV8T7nS0bgz1ubQ/Bl7P2l/fmM8ZScqxNKqjZdNvRQaNgac6YA0HnUw=="
      },
      "Microsoft.Extensions.Hosting": {
        "type": "Transitive",
        "resolved": "11.0.0-rc.1.26425.128",
        "contentHash": "YApAUSwCMTZILvf//btcnYviphbjyr++4f2ynUdou/0ZNXhu1Ptkx1LEFTz8eB3q+4fwOfugI31R4KMShKY1jQ==",
        "dependencies": {
          "Microsoft.Extensions.Configuration": "11.0.0-rc.1.26425.128",
          "Microsoft.Extensions.Configuration.Binder": "11.0.0-rc.1.26425.128",
          "Microsoft.Extensions.Configuration.CommandLine": "11.0.0-rc.1.26425.128",
          "Microsoft.Extensions.Configuration.EnvironmentVariables": "11.0.0-rc.1.26425.128",
          "Microsoft.Extensions.Configuration.FileExtensions": "11.0.0-rc.1.26425.128",
          "Microsoft.Extensions.Configuration.Json": "11.0.0-rc.1.26425.128",
          "Microsoft.Extensions.Configuration.UserSecrets": "11.0.0-rc.1.26425.128",
          "Microsoft.Extensions.DependencyInjection": "11.0.0-rc.1.26425.128",
          "Microsoft.Extensions.Diagnostics": "11.0.0-rc.1.26425.128",
          "Microsoft.Extensions.FileProviders.Physical": "11.0.0-rc.1.26425.128",
          "Microsoft.Extensions.Logging": "11.0.0-rc.1.26425.128",
          "Microsoft.Extensions.Logging.Configuration": "11.0.0-rc.1.26425.128",
          "Microsoft.Extensions.Logging.Console": "11.0.0-rc.1.26425.128",
          "Microsoft.Extensions.Logging.Debug": "11.0.0-rc.1.26425.128",
          "Microsoft.Extensions.Logging.EventLog": "11.0.0-rc.1.26425.128",
          "Microsoft.Extensions.Logging.EventSource": "11.0.0-rc.1.26425.128"
        }
      },
      "Microsoft.Extensions.Logging": {
        "type": "Transitive",
        "resolved": "11.0.0-rc.1.26425.128",
        "contentHash": "SxnI3xH/jZ11sRY5l1DqaqH4z7tyEqAa0ehQ6xsBGenst1mFy91iGWGZfUA0MnyPxQCdjmAlvPmuCvLsrv/ufw==",
        "dependencies": {
          "Microsoft.Extensions.DependencyInjection": "11.0.0-rc.1.26425.128"
        }
      },
      "Microsoft.Extensions.Logging.Configuration": {
        "type": "Transitive",
        "resolved": "11.0.0-rc.1.26425.128",
        "contentHash": "ZrK5NbDAUo4tJmsi4PrqYDU52tHFuGE6n3O+pB/p55Azo8+sr9DnwUDjMu0QOt+DYQfc7Q0yY9MNDGTjEkx2Uw==",
        "dependencies": {
          "Microsoft.Extensions.Configuration": "11.0.0-rc.1.26425.128",
          "Microsoft.Extensions.Configuration.Binder": "11.0.0-rc.1.26425.128",
          "Microsoft.Extensions.Logging": "11.0.0-rc.1.26425.128",
          "Microsoft.Extensions.Options.ConfigurationExtensions": "11.0.0-rc.1.26425.128"
        }
      },
      "Microsoft.Extensions.Logging.Console": {
        "type": "Transitive",
        "resolved": "11.0.0-rc.1.26425.128",
        "contentHash": "ft9SeFeLUyhLRoP9vw9zEtH9ScR/VIIae37IfvVk3Cd2GWHTV/sR9c8i7OR4QCPaVMRNZiL5KBazqOer3P2TZg==",
        "dependencies": {
          "Microsoft.Extensions.Logging": "11.0.0-rc.1.26425.128",
          "Microsoft.Extensions.Logging.Configuration": "11.0.0-rc.1.26425.128"
        }
      },
      "Microsoft.Extensions.Logging.Debug": {
        "type": "Transitive",
        "resolved": "11.0.0-rc.1.26425.128",
        "contentHash": "E8OLQlV4ZaNzRU1bmrWAE+RZNXTnx9Guu+b4fwdrjDA944rk2aYADig/XKssjHZawbKhp2fWUoPDVffdrs8vxw==",
        "dependencies": {
          "Microsoft.Extensions.Logging": "11.0.0-rc.1.26425.128"
        }
      },
      "Microsoft.Extensions.Logging.EventLog": {
        "type": "Transitive",
        "resolved": "11.0.0-rc.1.26425.128",
        "contentHash": "Z6i2Uy1EsFukiLGo1EFm6bQO1zjUxkEQsPczIUrDQui7Yv/GAkKJKmVR+AMUG69gGd65eRY6eXVBPSh5KAFIUA==",
        "dependencies": {
          "Microsoft.Extensions.Logging": "11.0.0-rc.1.26425.128",
          "Microsoft.Extensions.Logging.Configuration": "11.0.0-rc.1.26425.128",
          "System.Diagnostics.EventLog": "11.0.0-rc.1.26425.128"
        }
      },
      "Microsoft.Extensions.Logging.EventSource": {
        "type": "Transitive",
        "resolved": "11.0.0-rc.1.26425.128",
        "contentHash": "1MSql2c+CVjd/+IXJg2Ks4ZTrdM4j+Xr0rxzb9bEApd8VWQJrfAw+D1Hb7PieayYS5CeXSmgluMKGSdhUhZZcg==",
        "dependencies": {
          "Microsoft.Extensions.Logging": "11.0.0-rc.1.26425.128"
        }
      },
      "Microsoft.Extensions.Options.ConfigurationExtensions": {
        "type": "Transitive",
        "resolved": "11.0.0-rc.1.26425.128",
        "contentHash": "z3K4AJwVQeNAHUfU4DSvs3Yvnzak7vbbD/rtcU4eKMxCKmmw3PA3sTefMTUUcIrePEhpIEODGtiOGJ00b/dNzg==",
        "dependencies": {
          "Microsoft.Extensions.Configuration.Binder": "11.0.0-rc.1.26425.128"
        }
      },
      "Microsoft.TestPlatform.ObjectModel": {
        "type": "Transitive",
        "resolved": "18.10.0",
        "contentHash": "aXA7DDbnt6MYu3eLBEDksNdl09QxJ/PpMzrFcSxqEOk3RvRGJzhKI5mezVCEOcvveRhjfw/mvn6xVXC/rTaOog=="
      },
      "Microsoft.TestPlatform.TestHost": {
        "type": "Transitive",
        "resolved": "18.10.0",
        "contentHash": "Spu6C7bgz1PmWN+Y7wS0PfGCw9Kwv5RvJbCwyQaEWjcwpMire+qYMrcZ7qk8agjy6nd0sdHLc3ugCSrGuSbZdw==",
        "dependencies": {
          "Microsoft.TestPlatform.ObjectModel": "18.10.0"
        }
      },
      "Microsoft.Win32.Registry": {
        "type": "Transitive",
        "resolved": "5.0.0",
        "contentHash": "dDoKi0PnDz31yAyETfRntsLArTlVAVzUzCIvvEDsDsucrl33Dl8pIJG06ePTJTI3tGpeyHS9Cq7Foc/s4EeKcg=="
      },
      "System.Diagnostics.EventLog": {
        "type": "Transitive",
        "resolved": "11.0.0-rc.1.26425.128",
        "contentHash": "ByF+R8H7CN2iMOE6aB4901+AoNftRMJ5hqU114YI99xG4rj89dlJx3F1+iprQEo1h2YFhDPnJtFfVOUabl0IiQ=="
      },
      "System.Security.AccessControl": {
        "type": "Transitive",
        "resolved": "6.0.1",
        "contentHash": "IQ4NXP/B3Ayzvw0rDQzVTYsCKyy0Jp9KI6aYcK7UnGVlR9+Awz++TIPCQtPYfLJfOpm8ajowMR09V7quD3sEHw=="
      },
      "xunit.analyzers": {
        "type": "Transitive",
        "resolved": "2.1.0",
        "contentHash": "X7QXEcZQGz0G/HL4HUyK+aAvNa/IMGbOCnFIq4jD/Evktq12xANKwzOUr7b08vCmC1LXu/47qHWOdjm3KfaJ0A=="
      },
      "xunit.v3.assert": {
        "type": "Transitive",
        "resolved": "4.0.1",
        "contentHash": "nC7d3cY06Oo7hkdwWPZkBR0Ud75xNhgx0P7i0GmMMZC3puCGlc4szFiT30biH03IN/eDnr8h+nv3A1UD17bk/A=="
      },
      "xunit.v3.common": {
        "type": "Transitive",
        "resolved": "4.0.1",
        "contentHash": "Qf25TVdadDQYf9zVxSd7L9RNQhuP0jCUHmo96XTmIKLxGefylIEV63jRbXBPFzdXmV09TCdcurk+AQ9LiWS2Hg==",
        "dependencies": {
          "Microsoft.Bcl.AsyncInterfaces": "6.0.0"
        }
      },
      "xunit.v3.core.mtp-off": {
        "type": "Transitive",
        "resolved": "4.0.1",
        "contentHash": "pPKhAFeXpN95l8sBBRQ4YrqhFDoTDj/QVgc//oSPlBXjrW7YLUBN/eDqvWSWVle1ITvNbYHGLmy3LZSPC6gGJQ==",
        "dependencies": {
          "xunit.v3.extensibility.core": "[4.0.1]",
          "xunit.v3.runner.inproc.console": "[4.0.1]"
        }
      },
      "xunit.v3.extensibility.core": {
        "type": "Transitive",
        "resolved": "4.0.1",
        "contentHash": "J0d5OfFcp920nZxCRIvU14+TZhiSPQR0wvqEMZ3MRiJLPu1VmYlcRNkmcSW0i1DwkB81gAHc+fHUQf/cU64MYg==",
        "dependencies": {
          "xunit.v3.common": "[4.0.1]"
        }
      },
      "xunit.v3.runner.common": {
        "type": "Transitive",
        "resolved": "4.0.1",
        "contentHash": "p9AyfBpj2e5Iws8B57SbLiSngg7mEdvegHInKR4T2cjt2mis9h8htVgCnmu//agZO4zri6p6VQOj5EkHHTy3gA==",
        "dependencies": {
          "Microsoft.Win32.Registry": "[5.0.0]",
          "System.Security.AccessControl": "[6.0.1]",
          "xunit.v3.common": "[4.0.1]"
        }
      },
      "xunit.v3.runner.inproc.console": {
        "type": "Transitive",
        "resolved": "4.0.1",
        "contentHash": "Hqwfd6ehMIhPmVWUQ2dgmknzuLFTWeyp8ES1q3D4YR5bQVyiXDcaIoaFwqAz2zgLr49WaW4Mz7VVncP7u/Q8/Q==",
        "dependencies": {
          "xunit.v3.extensibility.core": "[4.0.1]",
          "xunit.v3.runner.common": "[4.0.1]"
        }
      },
      "backend": {
        "type": "Project",
        "dependencies": {
          "JsonSchema.Net": "[7.3.4, )",
          "YamlDotNet": "[17.0.0, )"
        }
      },
      "JsonSchema.Net": {
        "type": "CentralTransitive",
        "requested": "[7.3.4, )",
        "resolved": "7.3.4",
        "contentHash": "7GggWrdzKrtGWETRn3dcMnmuLSyWaDkBK94TK80LEHQEVz4bmsQc7FYO7qL40RDdZU2YPz5d98aT9lW5OYExuA==",
        "dependencies": {
          "JsonPointer.Net": "5.3.1"
        }
      },
      "YamlDotNet": {
        "type": "CentralTransitive",
        "requested": "[17.0.0, )",
        "resolved": "17.0.0",
        "contentHash": "mqRrb+XA8PMI53nP3JqgElUuRB79r6ySYulfPG/O/NvavZZZdv6IjwlhjeeGyOv6rLSSygyzDnSL4qpKaHWfKQ=="
      }
    }
  }
}