<Solution>
  <Folder Name="/src/">
    <Project Path="src/UpdateMenuSizes/UpdateMenuSizes.csproj" />
    <Project Path="src/ExtractProductionItems/ExtractProductionItems.csproj" />
  </Folder>
  <Folder Name="/tests/">
    <Project Path="tests/UpdateMenuSizes.Tests/UpdateMenuSizes.Tests.csproj" />
    <Project Path="tests/ExtractProductionItems.Tests/ExtractProductionItems.Tests.csproj" />
  </Folder>
</Solution>
